
Microsoft Visual Studio Solution File, Format Version 12.00
# Visual Studio Version 17
VisualStudioVersion = 17.8.34525.116
MinimumVisualStudioVersion = 10.0.40219.1
Project("{FAE04EC0-301F-11D3-BF4B-00C04F79EFBC}") = "Server", "Server\Server.csproj", "{77CED24B-46D8-43FC-93A7-F6C3BC3925B9}"
EndProject
Project("{FAE04EC0-301F-11D3-BF4B-00C04F79EFBC}") = "Client", "Client\Client.csproj", "{DC98EA4A-1986-4488-9403-FAD85B7D2121}"
EndProject
Project("{FAE04EC0-301F-11D3-BF4B-00C04F79EFBC}") = "ClientLibrary", "ClientLibrary\ClientLibrary.csproj", "{5C035275-4650-4849-8A04-88D0E1D26081}"
EndProject
Project("{FAE04EC0-301F-11D3-BF4B-00C04F79EFBC}") = "ServerLibrary", "ServerLibrary\ServerLibrary.csproj", "{D5B3D532-849B-424F-8C90-310B68881823}"
EndProject
Project("{FAE04EC0-301F-11D3-BF4B-00C04F79EFBC}") = "BaseLibrary", "BaseLibrary\BaseLibrary.csproj", "{E476B27E-A5C3-46F8-86F8-9773D043B282}"
EndProject
Global
	GlobalSection(SolutionConfigurationPlatforms) = preSolution
		Debug|Any CPU = Debug|Any CPU
		Release|Any CPU = Release|Any CPU
	EndGlobalSection
	GlobalSection(ProjectConfigurationPlatforms) = postSolution
		{77CED24B-46D8-43FC-93A7-F6C3BC3925B9}.Debug|Any CPU.ActiveCfg = Debug|Any CPU
		{77CED24B-46D8-43FC-93A7-F6C3BC3925B9}.Debug|Any CPU.Build.0 = Debug|Any CPU
		{77CED24B-46D8-43FC-93A7-F6C3BC3925B9}.Release|Any CPU.ActiveCfg = Release|Any CPU
		{77CED24B-46D8-43FC-93A7-F6C3BC3925B9}.Release|Any CPU.Build.0 = Release|Any CPU
		{DC98EA4A-1986-4488-9403-FAD85B7D2121}.Debug|Any CPU.ActiveCfg = Debug|Any CPU
		{DC98EA4A-1986-4488-9403-FAD85B7D2121}.Debug|Any CPU.Build.0 = Debug|Any CPU
		{DC98EA4A-1986-4488-9403-FAD85B7D2121}.Release|Any CPU.ActiveCfg = Release|Any CPU
		{DC98EA4A-1986-4488-9403-FAD85B7D2121}.Release|Any CPU.Build.0 = Release|Any CPU
		{5C035275-4650-4849-8A04-88D0E1D26081}.Debug|Any CPU.ActiveCfg = Debug|Any CPU
		{5C035275-4650-4849-8A04-88D0E1D26081}.Debug|Any CPU.Build.0 = Debug|Any CPU
		{5C035275-4650-4849-8A04-88D0E1D26081}.Release|Any CPU.ActiveCfg = Release|Any CPU
		{5C035275-4650-4849-8A04-88D0E1D26081}.Release|Any CPU.Build.0 = Release|Any CPU
		{D5B3D532-849B-424F-8C90-310B68881823}.Debug|Any CPU.ActiveCfg = Debug|Any CPU
		{D5B3D532-849B-424F-8C90-310B68881823}.Debug|Any CPU.Build.0 = Debug|Any CPU
		{D5B3D532-849B-424F-8C90-310B68881823}.Release|Any CPU.ActiveCfg = Release|Any CPU
		{D5B3D532-849B-424F-8C90-310B68881823}.Release|Any CPU.Build.0 = Release|Any CPU
		{E476B27E-A5C3-46F8-86F8-9773D043B282}.Debug|Any CPU.ActiveCfg = Debug|Any CPU
		{E476B27E-A5C3-46F8-86F8-9773D043B282}.Debug|Any CPU.Build.0 = Debug|Any CPU
		{E476B27E-A5C3-46F8-86F8-9773D043B282}.Release|Any CPU.ActiveCfg = Release|Any CPU
		{E476B27E-A5C3-46F8-86F8-9773D043B282}.Release|Any CPU.Build.0 = Release|Any CPU
	EndGlobalSection
	GlobalSection(SolutionProperties) = preSolution
		HideSolutionNode = FALSE
	EndGlobalSection
	GlobalSection(ExtensibilityGlobals) = postSolution
		SolutionGuid = {CF5FF824-3A1F-4F5D-BF56-10C13B788909}
	EndGlobalSection
EndGlobal
